{
  "name": "k8x",
  "version": "0.0.0",
  "lockfileVersion": 3,
  "requires": true,
  "packages": {
    "": {
      "name": "k8x",
      "version": "0.0.0",
      "devDependencies": {
        "@kubernetix/types": "file:../../types"
      }
    },
    "..": {
      "extraneous": true
    },
    "../..": {
      "name": "@types/k8x",
      "version": "0.0.0",
      "dev": true,
      "devDependencies": {
        "@kubernetes/client-node": "^0.21.0",
        "@types/node": "^22.4.1",
        "typescript": "^5.5.3"
      }
    },
    "../../@types/k8x": {
      "version": "0.0.3",
      "extraneous": true
    },
    "../../types": {
      "name": "@types/k8x",
      "version": "0.0.3",
      "dev": true
    },
    "node_modules/@kubernetix/types": {
      "resolved": "../../types",
      "link": true
    }
  }
}
